
Microsoft Visual Studio Solution File, Format Version 12.00
# Visual Studio 15
VisualStudioVersion = 15.0.28307.136
MinimumVisualStudioVersion = 10.0.40219.1
Project("{FAE04EC0-301F-11D3-BF4B-00C04F79EFBC}") = "PassGeneratorUI", "PassGeneratorUI\PassGeneratorUI.csproj", "{A0A6BE3A-F891-4DFA-B5A6-E76FA0D05513}"
EndProject
Project("{FAE04EC0-301F-11D3-BF4B-00C04F79EFBC}") = "PassGenerator", "PassGenerator\PassGenerator.csproj", "{CCEE4ACA-7212-42DE-87AF-F91D77CAB465}"
EndProject
Global
	GlobalSection(SolutionConfigurationPlatforms) = preSolution
		Debug|Any CPU = Debug|Any CPU
		Release|Any CPU = Release|Any CPU
	EndGlobalSection
	GlobalSection(ProjectConfigurationPlatforms) = postSolution
		{A0A6BE3A-F891-4DFA-B5A6-E76FA0D05513}.Debug|Any CPU.ActiveCfg = Debug|Any CPU
		{A0A6BE3A-F891-4DFA-B5A6-E76FA0D05513}.Debug|Any CPU.Build.0 = Debug|Any CPU
		{A0A6BE3A-F891-4DFA-B5A6-E76FA0D05513}.Release|Any CPU.ActiveCfg = Release|Any CPU
		{A0A6BE3A-F891-4DFA-B5A6-E76FA0D05513}.Release|Any CPU.Build.0 = Release|Any CPU
		{CCEE4ACA-7212-42DE-87AF-F91D77CAB465}.Debug|Any CPU.ActiveCfg = Debug|Any CPU
		{CCEE4ACA-7212-42DE-87AF-F91D77CAB465}.Debug|Any CPU.Build.0 = Debug|Any CPU
		{CCEE4ACA-7212-42DE-87AF-F91D77CAB465}.Release|Any CPU.ActiveCfg = Release|Any CPU
		{CCEE4ACA-7212-42DE-87AF-F91D77CAB465}.Release|Any CPU.Build.0 = Release|Any CPU
	EndGlobalSection
	GlobalSection(SolutionProperties) = preSolution
		HideSolutionNode = FALSE
	EndGlobalSection
	GlobalSection(ExtensibilityGlobals) = postSolution
		SolutionGuid = {C05F223C-013C-4129-A7ED-91594D44D7BF}
	EndGlobalSection
EndGlobal
